// !$*UTF8*$!
{
	archiveVersion = 1;
	classes = {
	};
	objectVersion = 46;
	objects = {

/* Begin PBXBuildFile section */
		5EA4539D1A6E153B000AD4E3 /* AppDelegate.swift in Sources */ = {isa = PBXBuildFile; fileRef = 5EA4539C1A6E153B000AD4E3 /* AppDelegate.swift */; };
		5EA453A21A6E153B000AD4E3 /* Main.storyboard in Resources */ = {isa = PBXBuildFile; fileRef = 5EA453A01A6E153B000AD4E3 /* Main.storyboard */; };
		5EA453A41A6E153B000AD4E3 /* Images.xcassets in Resources */ = {isa = PBXBuildFile; fileRef = 5EA453A31A6E153B000AD4E3 /* Images.xcassets */; };
		5EA453A71A6E153B000AD4E3 /* LaunchScreen.xib in Resources */ = {isa = PBXBuildFile; fileRef = 5EA453A51A6E153B000AD4E3 /* LaunchScreen.xib */; };
		5EA453B31A6E153B000AD4E3 /* gatherall2Tests.swift in Sources */ = {isa = PBXBuildFile; fileRef = 5EA453B21A6E153B000AD4E3 /* gatherall2Tests.swift */; };
		5EA453C01A6E15CE000AD4E3 /* Parse.framework in Frameworks */ = {isa = PBXBuildFile; fileRef = 5EA453BD1A6E15CE000AD4E3 /* Parse.framework */; };
		5EA453C11A6E15CE000AD4E3 /* ParseUI.framework in Frameworks */ = {isa = PBXBuildFile; fileRef = 5EA453BE1A6E15CE000AD4E3 /* ParseUI.framework */; };
		5EA453C51A6E17B5000AD4E3 /* RootViewController.swift in Sources */ = {isa = PBXBuildFile; fileRef = 5EA453C41A6E17B5000AD4E3 /* RootViewController.swift */; };
		5EA453CA1A6E19F8000AD4E3 /* AddressBook.framework in Frameworks */ = {isa = PBXBuildFile; fileRef = 5EA453C61A6E19F8000AD4E3 /* AddressBook.framework */; };
		5EA453CB1A6E19F8000AD4E3 /* AddressBookUI.framework in Frameworks */ = {isa = PBXBuildFile; fileRef = 5EA453C71A6E19F8000AD4E3 /* AddressBookUI.framework */; };
		5EA453CC1A6E19F8000AD4E3 /* AudioToolbox.framework in Frameworks */ = {isa = PBXBuildFile; fileRef = 5EA453C81A6E19F8000AD4E3 /* AudioToolbox.framework */; };
		5EA453CD1A6E19F8000AD4E3 /* CFNetwork.framework in Frameworks */ = {isa = PBXBuildFile; fileRef = 5EA453C91A6E19F8000AD4E3 /* CFNetwork.framework */; };
		5EA453D01A6E1A0D000AD4E3 /* CoreGraphics.framework in Frameworks */ = {isa = PBXBuildFile; fileRef = 5EA453CE1A6E1A0D000AD4E3 /* CoreGraphics.framework */; };
		5EA453D11A6E1A0D000AD4E3 /* CoreLocation.framework in Frameworks */ = {isa = PBXBuildFile; fileRef = 5EA453CF1A6E1A0D000AD4E3 /* CoreLocation.framework */; };
		5EA453D71A6E1A3D000AD4E3 /* MobileCoreServices.framework in Frameworks */ = {isa = PBXBuildFile; fileRef = 5EA453D21A6E1A3D000AD4E3 /* MobileCoreServices.framework */; };
		5EA453D81A6E1A3D000AD4E3 /* QuartzCore.framework in Frameworks */ = {isa = PBXBuildFile; fileRef = 5EA453D31A6E1A3D000AD4E3 /* QuartzCore.framework */; };
		5EA453D91A6E1A3D000AD4E3 /* Security.framework in Frameworks */ = {isa = PBXBuildFile; fileRef = 5EA453D41A6E1A3D000AD4E3 /* Security.framework */; };
		5EA453DA1A6E1A3D000AD4E3 /* StoreKit.framework in Frameworks */ = {isa = PBXBuildFile; fileRef = 5EA453D51A6E1A3D000AD4E3 /* StoreKit.framework */; };
		5EA453DB1A6E1A3D000AD4E3 /* SystemConfiguration.framework in Frameworks */ = {isa = PBXBuildFile; fileRef = 5EA453D61A6E1A3D000AD4E3 /* SystemConfiguration.framework */; };
		5EA453DE1A6E1A8C000AD4E3 /* libsqlite3.dylib in Frameworks */ = {isa = PBXBuildFile; fileRef = 5EA453DC1A6E1A8C000AD4E3 /* libsqlite3.dylib */; };
		5EA453DF1A6E1A8C000AD4E3 /* libz.dylib in Frameworks */ = {isa = PBXBuildFile; fileRef = 5EA453DD1A6E1A8C000AD4E3 /* libz.dylib */; };
		5EA453E21A6E1D9C000AD4E3 /* Bolts.framework in Frameworks */ = {isa = PBXBuildFile; fileRef = 5EA453E11A6E1D9C000AD4E3 /* Bolts.framework */; };
		5EA453E41A6E2224000AD4E3 /* LoginViewController.swift in Sources */ = {isa = PBXBuildFile; fileRef = 5EA453E31A6E2224000AD4E3 /* LoginViewController.swift */; };
		5EA453E61A6E257A000AD4E3 /* VerifyPinCodeViewController.swift in Sources */ = {isa = PBXBuildFile; fileRef = 5EA453E51A6E257A000AD4E3 /* VerifyPinCodeViewController.swift */; };
		5EA453E81A6E2884000AD4E3 /* GatheringTableViewController.swift in Sources */ = {isa = PBXBuildFile; fileRef = 5EA453E71A6E2884000AD4E3 /* GatheringTableViewController.swift */; };
		5EA453EB1A6E2904000AD4E3 /* GatheringCell.swift in Sources */ = {isa = PBXBuildFile; fileRef = 5EA453EA1A6E2904000AD4E3 /* GatheringCell.swift */; };
/* End PBXBuildFile section */

/* Begin PBXContainerItemProxy section */
		5EA453AD1A6E153B000AD4E3 /* PBXContainerItemProxy */ = {
			isa = PBXContainerItemProxy;
			containerPortal = 5EA4538F1A6E153B000AD4E3 /* Project object */;
			proxyType = 1;
			remoteGlobalIDString = 5EA453961A6E153B000AD4E3;
			remoteInfo = gatherall2;
		};
/* End PBXContainerItemProxy section */

/* Begin PBXFileReference section */
		5EA453971A6E153B000AD4E3 /* gatherall2.app */ = {isa = PBXFileReference; explicitFileType = wrapper.application; includeInIndex = 0; path = gatherall2.app; sourceTree = BUILT_PRODUCTS_DIR; };
		5EA4539B1A6E153B000AD4E3 /* Info.plist */ = {isa = PBXFileReference; lastKnownFileType = text.plist.xml; path = Info.plist; sourceTree = "<group>"; };
		5EA4539C1A6E153B000AD4E3 /* AppDelegate.swift */ = {isa = PBXFileReference; lastKnownFileType = sourcecode.swift; path = AppDelegate.swift; sourceTree = "<group>"; };
		5EA453A11A6E153B000AD4E3 /* Base */ = {isa = PBXFileReference; lastKnownFileType = file.storyboard; name = Base; path = Base.lproj/Main.storyboard; sourceTree = "<group>"; };
		5EA453A31A6E153B000AD4E3 /* Images.xcassets */ = {isa = PBXFileReference; lastKnownFileType = folder.assetcatalog; path = Images.xcassets; sourceTree = "<group>"; };
		5EA453A61A6E153B000AD4E3 /* Base */ = {isa = PBXFileReference; lastKnownFileType = file.xib; name = Base; path = Base.lproj/LaunchScreen.xib; sourceTree = "<group>"; };
		5EA453AC1A6E153B000AD4E3 /* gatherall2Tests.xctest */ = {isa = PBXFileReference; explicitFileType = wrapper.cfbundle; includeInIndex = 0; path = gatherall2Tests.xctest; sourceTree = BUILT_PRODUCTS_DIR; };
		5EA453B11A6E153B000AD4E3 /* Info.plist */ = {isa = PBXFileReference; lastKnownFileType = text.plist.xml; path = Info.plist; sourceTree = "<group>"; };
		5EA453B21A6E153B000AD4E3 /* gatherall2Tests.swift */ = {isa = PBXFileReference; lastKnownFileType = sourcecode.swift; path = gatherall2Tests.swift; sourceTree = "<group>"; };
		5EA453BD1A6E15CE000AD4E3 /* Parse.framework */ = {isa = PBXFileReference; lastKnownFileType = wrapper.framework; path = Parse.framework; sourceTree = "<group>"; };
		5EA453BE1A6E15CE000AD4E3 /* ParseUI.framework */ = {isa = PBXFileReference; lastKnownFileType = wrapper.framework; path = ParseUI.framework; sourceTree = "<group>"; };
		5EA453C41A6E17B5000AD4E3 /* RootViewController.swift */ = {isa = PBXFileReference; fileEncoding = 4; lastKnownFileType = sourcecode.swift; path = RootViewController.swift; sourceTree = "<group>"; };
		5EA453C61A6E19F8000AD4E3 /* AddressBook.framework */ = {isa = PBXFileReference; lastKnownFileType = wrapper.framework; name = AddressBook.framework; path = System/Library/Frameworks/AddressBook.framework; sourceTree = SDKROOT; };
		5EA453C71A6E19F8000AD4E3 /* AddressBookUI.framework */ = {isa = PBXFileReference; lastKnownFileType = wrapper.framework; name = AddressBookUI.framework; path = System/Library/Frameworks/AddressBookUI.framework; sourceTree = SDKROOT; };
		5EA453C81A6E19F8000AD4E3 /* AudioToolbox.framework */ = {isa = PBXFileReference; lastKnownFileType = wrapper.framework; name = AudioToolbox.framework; path = System/Library/Frameworks/AudioToolbox.framework; sourceTree = SDKROOT; };
		5EA453C91A6E19F8000AD4E3 /* CFNetwork.framework */ = {isa = PBXFileReference; lastKnownFileType = wrapper.framework; name = CFNetwork.framework; path = System/Library/Frameworks/CFNetwork.framework; sourceTree = SDKROOT; };
		5EA453CE1A6E1A0D000AD4E3 /* CoreGraphics.framework */ = {isa = PBXFileReference; lastKnownFileType = wrapper.framework; name = CoreGraphics.framework; path = System/Library/Frameworks/CoreGraphics.framework; sourceTree = SDKROOT; };
		5EA453CF1A6E1A0D000AD4E3 /* CoreLocation.framework */ = {isa = PBXFileReference; lastKnownFileType = wrapper.framework; name = CoreLocation.framework; path = System/Library/Frameworks/CoreLocation.framework; sourceTree = SDKROOT; };
		5EA453D21A6E1A3D000AD4E3 /* MobileCoreServices.framework */ = {isa = PBXFileReference; lastKnownFileType = wrapper.framework; name = MobileCoreServices.framework; path = System/Library/Frameworks/MobileCoreServices.framework; sourceTree = SDKROOT; };
		5EA453D31A6E1A3D000AD4E3 /* QuartzCore.framework */ = {isa = PBXFileReference; lastKnownFileType = wrapper.framework; name = QuartzCore.framework; path = System/Library/Frameworks/QuartzCore.framework; sourceTree = SDKROOT; };
		5EA453D41A6E1A3D000AD4E3 /* Security.framework */ = {isa = PBXFileReference; lastKnownFileType = wrapper.framework; name = Security.framework; path = System/Library/Frameworks/Security.framework; sourceTree = SDKROOT; };
		5EA453D51A6E1A3D000AD4E3 /* StoreKit.framework */ = {isa = PBXFileReference; lastKnownFileType = wrapper.framework; name = StoreKit.framework; path = System/Library/Frameworks/StoreKit.framework; sourceTree = SDKROOT; };
		5EA453D61A6E1A3D000AD4E3 /* SystemConfiguration.framework */ = {isa = PBXFileReference; lastKnownFileType = wrapper.framework; name = SystemConfiguration.framework; path = System/Library/Frameworks/SystemConfiguration.framework; sourceTree = SDKROOT; };
		5EA453DC1A6E1A8C000AD4E3 /* libsqlite3.dylib */ = {isa = PBXFileReference; lastKnownFileType = "compiled.mach-o.dylib"; name = libsqlite3.dylib; path = usr/lib/libsqlite3.dylib; sourceTree = SDKROOT; };
		5EA453DD1A6E1A8C000AD4E3 /* libz.dylib */ = {isa = PBXFileReference; lastKnownFileType = "compiled.mach-o.dylib"; name = libz.dylib; path = usr/lib/libz.dylib; sourceTree = SDKROOT; };
		5EA453E01A6E1BA2000AD4E3 /* gatherall2-Bridging-Header.h */ = {isa = PBXFileReference; lastKnownFileType = sourcecode.c.h; path = "gatherall2-Bridging-Header.h"; sourceTree = "<group>"; };
		5EA453E11A6E1D9C000AD4E3 /* Bolts.framework */ = {isa = PBXFileReference; lastKnownFileType = wrapper.framework; path = Bolts.framework; sourceTree = "<group>"; };
		5EA453E31A6E2224000AD4E3 /* LoginViewController.swift */ = {isa = PBXFileReference; fileEncoding = 4; lastKnownFileType = sourcecode.swift; path = LoginViewController.swift; sourceTree = "<group>"; };
		5EA453E51A6E257A000AD4E3 /* VerifyPinCodeViewController.swift */ = {isa = PBXFileReference; fileEncoding = 4; lastKnownFileType = sourcecode.swift; path = VerifyPinCodeViewController.swift; sourceTree = "<group>"; };
		5EA453E71A6E2884000AD4E3 /* GatheringTableViewController.swift */ = {isa = PBXFileReference; fileEncoding = 4; lastKnownFileType = sourcecode.swift; path = GatheringTableViewController.swift; sourceTree = "<group>"; };
		5EA453EA1A6E2904000AD4E3 /* GatheringCell.swift */ = {isa = PBXFileReference; fileEncoding = 4; lastKnownFileType = sourcecode.swift; path = GatheringCell.swift; sourceTree = "<group>"; };
/* End PBXFileReference section */

/* Begin PBXFrameworksBuildPhase section */
		5EA453941A6E153B000AD4E3 /* Frameworks */ = {
			isa = PBXFrameworksBuildPhase;
			buildActionMask = 2147483647;
			files = (
				5EA453DE1A6E1A8C000AD4E3 /* libsqlite3.dylib in Frameworks */,
				5EA453DF1A6E1A8C000AD4E3 /* libz.dylib in Frameworks */,
				5EA453D71A6E1A3D000AD4E3 /* MobileCoreServices.framework in Frameworks */,
				5EA453D81A6E1A3D000AD4E3 /* QuartzCore.framework in Frameworks */,
				5EA453D91A6E1A3D000AD4E3 /* Security.framework in Frameworks */,
				5EA453DA1A6E1A3D000AD4E3 /* StoreKit.framework in Frameworks */,
				5EA453DB1A6E1A3D000AD4E3 /* SystemConfiguration.framework in Frameworks */,
				5EA453D01A6E1A0D000AD4E3 /* CoreGraphics.framework in Frameworks */,
				5EA453D11A6E1A0D000AD4E3 /* CoreLocation.framework in Frameworks */,
				5EA453CA1A6E19F8000AD4E3 /* AddressBook.framework in Frameworks */,
				5EA453CB1A6E19F8000AD4E3 /* AddressBookUI.framework in Frameworks */,
				5EA453CC1A6E19F8000AD4E3 /* AudioToolbox.framework in Frameworks */,
				5EA453CD1A6E19F8000AD4E3 /* CFNetwork.framework in Frameworks */,
				5EA453C11A6E15CE000AD4E3 /* ParseUI.framework in Frameworks */,
				5EA453C01A6E15CE000AD4E3 /* Parse.framework in Frameworks */,
				5EA453E21A6E1D9C000AD4E3 /* Bolts.framework in Frameworks */,
			);
			runOnlyForDeploymentPostprocessing = 0;
		};
		5EA453A91A6E153B000AD4E3 /* Frameworks */ = {
			isa = PBXFrameworksBuildPhase;
			buildActionMask = 2147483647;
			files = (
			);
			runOnlyForDeploymentPostprocessing = 0;
		};
/* End PBXFrameworksBuildPhase section */

/* Begin PBXGroup section */
		5EA4538E1A6E153B000AD4E3 = {
			isa = PBXGroup;
			children = (
				5EA453991A6E153B000AD4E3 /* gatherall2 */,
				5EA453AF1A6E153B000AD4E3 /* gatherall2Tests */,
				5EA453981A6E153B000AD4E3 /* Products */,
			);
			sourceTree = "<group>";
		};
		5EA453981A6E153B000AD4E3 /* Products */ = {
			isa = PBXGroup;
			children = (
				5EA453971A6E153B000AD4E3 /* gatherall2.app */,
				5EA453AC1A6E153B000AD4E3 /* gatherall2Tests.xctest */,
			);
			name = Products;
			sourceTree = "<group>";
		};
		5EA453991A6E153B000AD4E3 /* gatherall2 */ = {
			isa = PBXGroup;
			children = (
				5EA453E91A6E28DB000AD4E3 /* View */,
				5EA453C31A6E1794000AD4E3 /* ViewController */,
				5EA453C21A6E15DE000AD4E3 /* Framework */,
				5EA4539C1A6E153B000AD4E3 /* AppDelegate.swift */,
				5EA453A01A6E153B000AD4E3 /* Main.storyboard */,
				5EA453A31A6E153B000AD4E3 /* Images.xcassets */,
				5EA453A51A6E153B000AD4E3 /* LaunchScreen.xib */,
				5EA4539A1A6E153B000AD4E3 /* Supporting Files */,
			);
			path = gatherall2;
			sourceTree = "<group>";
		};
		5EA4539A1A6E153B000AD4E3 /* Supporting Files */ = {
			isa = PBXGroup;
			children = (
				5EA4539B1A6E153B000AD4E3 /* Info.plist */,
				5EA453E01A6E1BA2000AD4E3 /* gatherall2-Bridging-Header.h */,
			);
			name = "Supporting Files";
			sourceTree = "<group>";
		};
		5EA453AF1A6E153B000AD4E3 /* gatherall2Tests */ = {
			isa = PBXGroup;
			children = (
				5EA453B21A6E153B000AD4E3 /* gatherall2Tests.swift */,
				5EA453B01A6E153B000AD4E3 /* Supporting Files */,
			);
			path = gatherall2Tests;
			sourceTree = "<group>";
		};
		5EA453B01A6E153B000AD4E3 /* Supporting Files */ = {
			isa = PBXGroup;
			children = (
				5EA453B11A6E153B000AD4E3 /* Info.plist */,
			);
			name = "Supporting Files";
			sourceTree = "<group>";
		};
		5EA453C21A6E15DE000AD4E3 /* Framework */ = {
			isa = PBXGroup;
			children = (
				5EA453E11A6E1D9C000AD4E3 /* Bolts.framework */,
				5EA453DC1A6E1A8C000AD4E3 /* libsqlite3.dylib */,
				5EA453DD1A6E1A8C000AD4E3 /* libz.dylib */,
				5EA453D21A6E1A3D000AD4E3 /* MobileCoreServices.framework */,
				5EA453D31A6E1A3D000AD4E3 /* QuartzCore.framework */,
				5EA453D41A6E1A3D000AD4E3 /* Security.framework */,
				5EA453D51A6E1A3D000AD4E3 /* StoreKit.framework */,
				5EA453D61A6E1A3D000AD4E3 /* SystemConfiguration.framework */,
				5EA453CE1A6E1A0D000AD4E3 /* CoreGraphics.framework */,
				5EA453CF1A6E1A0D000AD4E3 /* CoreLocation.framework */,
				5EA453C61A6E19F8000AD4E3 /* AddressBook.framework */,
				5EA453C71A6E19F8000AD4E3 /* AddressBookUI.framework */,
				5EA453C81A6E19F8000AD4E3 /* AudioToolbox.framework */,
				5EA453C91A6E19F8000AD4E3 /* CFNetwork.framework */,
				5EA453BD1A6E15CE000AD4E3 /* Parse.framework */,
				5EA453BE1A6E15CE000AD4E3 /* ParseUI.framework */,
			);
			name = Framework;
			sourceTree = "<group>";
		};
		5EA453C31A6E1794000AD4E3 /* ViewController */ = {
			isa = PBXGroup;
			children = (
				5EA453C41A6E17B5000AD4E3 /* RootViewController.swift */,
				5EA453E31A6E2224000AD4E3 /* LoginViewController.swift */,
				5EA453E51A6E257A000AD4E3 /* VerifyPinCodeViewController.swift */,
				5EA453E71A6E2884000AD4E3 /* GatheringTableViewController.swift */,
			);
			name = ViewController;
			sourceTree = "<group>";
		};
		5EA453E91A6E28DB000AD4E3 /* View */ = {
			isa = PBXGroup;
			children = (
				5EA453EA1A6E2904000AD4E3 /* GatheringCell.swift */,
			);
			name = View;
			sourceTree = "<group>";
		};
/* End PBXGroup section */

/* Begin PBXNativeTarget section */
		5EA453961A6E153B000AD4E3 /* gatherall2 */ = {
			isa = PBXNativeTarget;
			buildConfigurationList = 5EA453B61A6E153B000AD4E3 /* Build configuration list for PBXNativeTarget "gatherall2" */;
			buildPhases = (
				5EA453931A6E153B000AD4E3 /* Sources */,
				5EA453941A6E153B000AD4E3 /* Frameworks */,
				5EA453951A6E153B000AD4E3 /* Resources */,
			);
			buildRules = (
			);
			dependencies = (
			);
			name = gatherall2;
			productName = gatherall2;
			productReference = 5EA453971A6E153B000AD4E3 /* gatherall2.app */;
			productType = "com.apple.product-type.application";
		};
		5EA453AB1A6E153B000AD4E3 /* gatherall2Tests */ = {
			isa = PBXNativeTarget;
			buildConfigurationList = 5EA453B91A6E153B000AD4E3 /* Build configuration list for PBXNativeTarget "gatherall2Tests" */;
			buildPhases = (
				5EA453A81A6E153B000AD4E3 /* Sources */,
				5EA453A91A6E153B000AD4E3 /* Frameworks */,
				5EA453AA1A6E153B000AD4E3 /* Resources */,
			);
			buildRules = (
			);
			dependencies = (
				5EA453AE1A6E153B000AD4E3 /* PBXTargetDependency */,
			);
			name = gatherall2Tests;
			productName = gatherall2Tests;
			productReference = 5EA453AC1A6E153B000AD4E3 /* gatherall2Tests.xctest */;
			productType = "com.apple.product-type.bundle.unit-test";
		};
/* End PBXNativeTarget section */

/* Begin PBXProject section */
		5EA4538F1A6E153B000AD4E3 /* Project object */ = {
			isa = PBXProject;
			attributes = {
				LastUpgradeCheck = 0610;
				ORGANIZATIONNAME = George;
				TargetAttributes = {
					5EA453961A6E153B000AD4E3 = {
						CreatedOnToolsVersion = 6.1.1;
					};
					5EA453AB1A6E153B000AD4E3 = {
						CreatedOnToolsVersion = 6.1.1;
						TestTargetID = 5EA453961A6E153B000AD4E3;
					};
				};
			};
			buildConfigurationList = 5EA453921A6E153B000AD4E3 /* Build configuration list for PBXProject "gatherall2" */;
			compatibilityVersion = "Xcode 3.2";
			developmentRegion = English;
			hasScannedForEncodings = 0;
			knownRegions = (
				en,
				Base,
			);
			mainGroup = 5EA4538E1A6E153B000AD4E3;
			productRefGroup = 5EA453981A6E153B000AD4E3 /* Products */;
			projectDirPath = "";
			projectRoot = "";
			targets = (
				5EA453961A6E153B000AD4E3 /* gatherall2 */,
				5EA453AB1A6E153B000AD4E3 /* gatherall2Tests */,
			);
		};
/* End PBXProject section */

/* Begin PBXResourcesBuildPhase section */
		5EA453951A6E153B000AD4E3 /* Resources */ = {
			isa = PBXResourcesBuildPhase;
			buildActionMask = 2147483647;
			files = (
				5EA453A21A6E153B000AD4E3 /* Main.storyboard in Resources */,
				5EA453A71A6E153B000AD4E3 /* LaunchScreen.xib in Resources */,
				5EA453A41A6E153B000AD4E3 /* Images.xcassets in Resources */,
			);
			runOnlyForDeploymentPostprocessing = 0;
		};
		5EA453AA1A6E153B000AD4E3 /* Resources */ = {
			isa = PBXResourcesBuildPhase;
			buildActionMask = 2147483647;
			files = (
			);
			runOnlyForDeploymentPostprocessing = 0;
		};
/* End PBXResourcesBuildPhase section */

/* Begin PBXSourcesBuildPhase section */
		5EA453931A6E153B000AD4E3 /* Sources */ = {
			isa = PBXSourcesBuildPhase;
			buildActionMask = 2147483647;
			files = (
				5EA453E41A6E2224000AD4E3 /* LoginViewController.swift in Sources */,
				5EA4539D1A6E153B000AD4E3 /* AppDelegate.swift in Sources */,
				5EA453E61A6E257A000AD4E3 /* VerifyPinCodeViewController.swift in Sources */,
				5EA453C51A6E17B5000AD4E3 /* RootViewController.swift in Sources */,
				5EA453E81A6E2884000AD4E3 /* GatheringTableViewController.swift in Sources */,
				5EA453EB1A6E2904000AD4E3 /* GatheringCell.swift in Sources */,
			);
			runOnlyForDeploymentPostprocessing = 0;
		};
		5EA453A81A6E153B000AD4E3 /* Sources */ = {
			isa = PBXSourcesBuildPhase;
			buildActionMask = 2147483647;
			files = (
				5EA453B31A6E153B000AD4E3 /* gatherall2Tests.swift in Sources */,
			);
			runOnlyForDeploymentPostprocessing = 0;
		};
/* End PBXSourcesBuildPhase section */

/* Begin PBXTargetDependency section */
		5EA453AE1A6E153B000AD4E3 /* PBXTargetDependency */ = {
			isa = PBXTargetDependency;
			target = 5EA453961A6E153B000AD4E3 /* gatherall2 */;
			targetProxy = 5EA453AD1A6E153B000AD4E3 /* PBXContainerItemProxy */;
		};
/* End PBXTargetDependency section */

/* Begin PBXVariantGroup section */
		5EA453A01A6E153B000AD4E3 /* Main.storyboard */ = {
			isa = PBXVariantGroup;
			children = (
				5EA453A11A6E153B000AD4E3 /* Base */,
			);
			name = Main.storyboard;
			sourceTree = "<group>";
		};
		5EA453A51A6E153B000AD4E3 /* LaunchScreen.xib */ = {
			isa = PBXVariantGroup;
			children = (
				5EA453A61A6E153B000AD4E3 /* Base */,
			);
			name = LaunchScreen.xib;
			sourceTree = "<group>";
		};
/* End PBXVariantGroup section */

/* Begin XCBuildConfiguration section */
		5EA453B41A6E153B000AD4E3 /* Debug */ = {
			isa = XCBuildConfiguration;
			buildSettings = {
				ALWAYS_SEARCH_USER_PATHS = NO;
				CLANG_CXX_LANGUAGE_STANDARD = "gnu++0x";
				CLANG_CXX_LIBRARY = "libc++";
				CLANG_ENABLE_MODULES = YES;
				CLANG_ENABLE_OBJC_ARC = YES;
				CLANG_WARN_BOOL_CONVERSION = YES;
				CLANG_WARN_CONSTANT_CONVERSION = YES;
				CLANG_WARN_DIRECT_OBJC_ISA_USAGE = YES_ERROR;
				CLANG_WARN_EMPTY_BODY = YES;
				CLANG_WARN_ENUM_CONVERSION = YES;
				CLANG_WARN_INT_CONVERSION = YES;
				CLANG_WARN_OBJC_ROOT_CLASS = YES_ERROR;
				CLANG_WARN_UNREACHABLE_CODE = YES;
				CLANG_WARN__DUPLICATE_METHOD_MATCH = YES;
				"CODE_SIGN_IDENTITY[sdk=iphoneos*]" = "iPhone Developer";
				COPY_PHASE_STRIP = NO;
				ENABLE_STRICT_OBJC_MSGSEND = YES;
				GCC_C_LANGUAGE_STANDARD = gnu99;
				GCC_DYNAMIC_NO_PIC = NO;
				GCC_OPTIMIZATION_LEVEL = 0;
				GCC_PREPROCESSOR_DEFINITIONS = (
					"DEBUG=1",
					"$(inherited)",
				);
				GCC_SYMBOLS_PRIVATE_EXTERN = NO;
				GCC_WARN_64_TO_32_BIT_CONVERSION = YES;
				GCC_WARN_ABOUT_RETURN_TYPE = YES_ERROR;
				GCC_WARN_UNDECLARED_SELECTOR = YES;
				GCC_WARN_UNINITIALIZED_AUTOS = YES_AGGRESSIVE;
				GCC_WARN_UNUSED_FUNCTION = YES;
				GCC_WARN_UNUSED_VARIABLE = YES;
				IPHONEOS_DEPLOYMENT_TARGET = 8.1;
				MTL_ENABLE_DEBUG_INFO = YES;
				ONLY_ACTIVE_ARCH = YES;
				SDKROOT = iphoneos;
				SWIFT_OPTIMIZATION_LEVEL = "-Onone";
				TARGETED_DEVICE_FAMILY = "1,2";
			};
			name = Debug;
		};
		5EA453B51A6E153B000AD4E3 /* Release */ = {
			isa = XCBuildConfiguration;
			buildSettings = {
				ALWAYS_SEARCH_USER_PATHS = NO;
				CLANG_CXX_LANGUAGE_STANDARD = "gnu++0x";
				CLANG_CXX_LIBRARY = "libc++";
				CLANG_ENABLE_MODULES = YES;
				CLANG_ENABLE_OBJC_ARC = YES;
				CLANG_WARN_BOOL_CONVERSION = YES;
				CLANG_WARN_CONSTANT_CONVERSION = YES;
				CLANG_WARN_DIRECT_OBJC_ISA_USAGE = YES_ERROR;
				CLANG_WARN_EMPTY_BODY = YES;
				CLANG_WARN_ENUM_CONVERSION = YES;
				CLANG_WARN_INT_CONVERSION = YES;
				CLANG_WARN_OBJC_ROOT_CLASS = YES_ERROR;
				CLANG_WARN_UNREACHABLE_CODE = YES;
				CLANG_WARN__DUPLICATE_METHOD_MATCH = YES;
				"CODE_SIGN_IDENTITY[sdk=iphoneos*]" = "iPhone Developer";
				COPY_PHASE_STRIP = YES;
				ENABLE_NS_ASSERTIONS = NO;
				ENABLE_STRICT_OBJC_MSGSEND = YES;
				GCC_C_LANGUAGE_STANDARD = gnu99;
				GCC_WARN_64_TO_32_BIT_CONVERSION = YES;
				GCC_WARN_ABOUT_RETURN_TYPE = YES_ERROR;
				GCC_WARN_UNDECLARED_SELECTOR = YES;
				GCC_WARN_UNINITIALIZED_AUTOS = YES_AGGRESSIVE;
				GCC_WARN_UNUSED_FUNCTION = YES;
				GCC_WARN_UNUSED_VARIABLE = YES;
				IPHONEOS_DEPLOYMENT_TARGET = 8.1;
				MTL_ENABLE_DEBUG_INFO = NO;
				SDKROOT = iphoneos;
				TARGETED_DEVICE_FAMILY = "1,2";
				VALIDATE_PRODUCT = YES;
			};
			name = Release;
		};
		5EA453B71A6E153B000AD4E3 /* Debug */ = {
			isa = XCBuildConfiguration;
			buildSettings = {
				ASSETCATALOG_COMPILER_APPICON_NAME = AppIcon;
				FRAMEWORK_SEARCH_PATHS = (
					"$(inherited)",
					"$(PROJECT_DIR)/gatherall2",
				);
				INFOPLIST_FILE = gatherall2/Info.plist;
				LD_RUNPATH_SEARCH_PATHS = "$(inherited) @executable_path/Frameworks";
				PRODUCT_NAME = "$(TARGET_NAME)";
				SWIFT_OBJC_BRIDGING_HEADER = "gatherall2/gatherall2-Bridging-Header.h";
				TARGETED_DEVICE_FAMILY = 1;
			};
			name = Debug;
		};
		5EA453B81A6E153B000AD4E3 /* Release */ = {
			isa = XCBuildConfiguration;
			buildSettings = {
				ASSETCATALOG_COMPILER_APPICON_NAME = AppIcon;
				FRAMEWORK_SEARCH_PATHS = (
					"$(inherited)",
					"$(PROJECT_DIR)/gatherall2",
				);
				INFOPLIST_FILE = gatherall2/Info.plist;
				LD_RUNPATH_SEARCH_PATHS = "$(inherited) @executable_path/Frameworks";
				PRODUCT_NAME = "$(TARGET_NAME)";
				SWIFT_OBJC_BRIDGING_HEADER = "gatherall2/gatherall2-Bridging-Header.h";
				TARGETED_DEVICE_FAMILY = 1;
			};
			name = Release;
		};
		5EA453BA1A6E153B000AD4E3 /* Debug */ = {
			isa = XCBuildConfiguration;
			buildSettings = {
				BUNDLE_LOADER = "$(TEST_HOST)";
				FRAMEWORK_SEARCH_PATHS = (
					"$(SDKROOT)/Developer/Library/Frameworks",
					"$(inherited)",
				);
				GCC_PREPROCESSOR_DEFINITIONS = (
					"DEBUG=1",
					"$(inherited)",
				);
				INFOPLIST_FILE = gatherall2Tests/Info.plist;
				LD_RUNPATH_SEARCH_PATHS = "$(inherited) @executable_path/Frameworks @loader_path/Frameworks";
				PRODUCT_NAME = "$(TARGET_NAME)";
				TEST_HOST = "$(BUILT_PRODUCTS_DIR)/gatherall2.app/gatherall2";
			};
			name = Debug;
		};
		5EA453BB1A6E153B000AD4E3 /* Release */ = {
			isa = XCBuildConfiguration;
			buildSettings = {
				BUNDLE_LOADER = "$(TEST_HOST)";
				FRAMEWORK_SEARCH_PATHS = (
					"$(SDKROOT)/Developer/Library/Frameworks",
					"$(inherited)",
				);
				INFOPLIST_FILE = gatherall2Tests/Info.plist;
				LD_RUNPATH_SEARCH_PATHS = "$(inherited) @executable_path/Frameworks @loader_path/Frameworks";
				PRODUCT_NAME = "$(TARGET_NAME)";
				TEST_HOST = "$(BUILT_PRODUCTS_DIR)/gatherall2.app/gatherall2";
			};
			name = Release;
		};
/* End XCBuildConfiguration section */

/* Begin XCConfigurationList section */
		5EA453921A6E153B000AD4E3 /* Build configuration list for PBXProject "gatherall2" */ = {
			isa = XCConfigurationList;
			buildConfigurations = (
				5EA453B41A6E153B000AD4E3 /* Debug */,
				5EA453B51A6E153B000AD4E3 /* Release */,
			);
			defaultConfigurationIsVisible = 0;
			defaultConfigurationName = Release;
		};
		5EA453B61A6E153B000AD4E3 /* Build configuration list for PBXNativeTarget "gatherall2" */ = {
			isa = XCConfigurationList;
			buildConfigurations = (
				5EA453B71A6E153B000AD4E3 /* Debug */,
				5EA453B81A6E153B000AD4E3 /* Release */,
			);
			defaultConfigurationIsVisible = 0;
		};
		5EA453B91A6E153B000AD4E3 /* Build configuration list for PBXNativeTarget "gatherall2Tests" */ = {
			isa = XCConfigurationList;
			buildConfigurations = (
				5EA453BA1A6E153B000AD4E3 /* Debug */,
				5EA453BB1A6E153B000AD4E3 /* Release */,
			);
			defaultConfigurationIsVisible = 0;
		};
/* End XCConfigurationList section */
	};
	rootObject = 5EA4538F1A6E153B000AD4E3 /* Project object */;
}
